// !$*UTF8*$!
{
	archiveVersion = 1;
	classes = {
	};
	objectVersion = 48;
	objects = {

/* Begin PBXBuildFile section */
		7CB505B81FF01BA500480336 /* AppDelegate.swift in Sources */ = {isa = PBXBuildFile; fileRef = 7CB505B71FF01BA500480336 /* AppDelegate.swift */; };
		7CB505BA1FF01BA500480336 /* ViewController.swift in Sources */ = {isa = PBXBuildFile; fileRef = 7CB505B91FF01BA500480336 /* ViewController.swift */; };
		7CB505BD1FF01BA500480336 /* Main.storyboard in Resources */ = {isa = PBXBuildFile; fileRef = 7CB505BB1FF01BA500480336 /* Main.storyboard */; };
		7CB505BF1FF01BA500480336 /* Assets.xcassets in Resources */ = {isa = PBXBuildFile; fileRef = 7CB505BE1FF01BA500480336 /* Assets.xcassets */; };
		7CB505C21FF01BA500480336 /* LaunchScreen.storyboard in Resources */ = {isa = PBXBuildFile; fileRef = 7CB505C01FF01BA500480336 /* LaunchScreen.storyboard */; };
		7CB505CA1FF01BBB00480336 /* LHTextView.swift in Sources */ = {isa = PBXBuildFile; fileRef = 7CB505C91FF01BBB00480336 /* LHTextView.swift */; };
/* End PBXBuildFile section */

/* Begin PBXFileReference section */
		7CB505B41FF01BA500480336 /* LHTextView.app */ = {isa = PBXFileReference; explicitFileType = wrapper.application; includeInIndex = 0; path = LHTextView.app; sourceTree = BUILT_PRODUCTS_DIR; };
		7CB505B71FF01BA500480336 /* AppDelegate.swift */ = {isa = PBXFileReference; lastKnownFileType = sourcecode.swift; path = AppDelegate.swift; sourceTree = "<group>"; };
		7CB505B91FF01BA500480336 /* ViewController.swift */ = {isa = PBXFileReference; lastKnownFileType = sourcecode.swift; path = ViewController.swift; sourceTree = "<group>"; };
		7CB505BC1FF01BA500480336 /* Base */ = {isa = PBXFileReference; lastKnownFileType = file.storyboard; name = Base; path = Base.lproj/Main.storyboard; sourceTree = "<group>"; };
		7CB505BE1FF01BA500480336 /* Assets.xcassets */ = {isa = PBXFileReference; lastKnownFileType = folder.assetcatalog; path = Assets.xcassets; sourceTree = "<group>"; };
		7CB505C11FF01BA500480336 /* Base */ = {isa = PBXFileReference; lastKnownFileType = file.storyboard; name = Base; path = Base.lproj/LaunchScreen.storyboard; sourceTree = "<group>"; };
		7CB505C31FF01BA500480336 /* Info.plist */ = {isa = PBXFileReference; lastKnownFileType = text.plist.xml; path = Info.plist; sourceTree = "<group>"; };
		7CB505C91FF01BBB00480336 /* LHTextView.swift */ = {isa = PBXFileReference; lastKnownFileType = sourcecode.swift; path = LHTextView.swift; sourceTree = "<group>"; };
/* End PBXFileReference section */

/* Begin PBXFrameworksBuildPhase section */
		7CB505B11FF01BA500480336 /* Frameworks */ = {
			isa = PBXFrameworksBuildPhase;
			buildActionMask = 2147483647;
			files = (
			);
			runOnlyForDeploymentPostprocessing = 0;
		};
/* End PBXFrameworksBuildPhase section */

/* Begin PBXGroup section */
		7CB505AB1FF01BA500480336 = {
			isa = PBXGroup;
			children = (
				7CB505B61FF01BA500480336 /* LHTextView */,
				7CB505B51FF01BA500480336 /* Products */,
			);
			sourceTree = "<group>";
		};
		7CB505B51FF01BA500480336 /* Products */ = {
			isa = PBXGroup;
			children = (
				7CB505B41FF01BA500480336 /* LHTextView.app */,
			);
			name = Products;
			sourceTree = "<group>";
		};
		7CB505B61FF01BA500480336 /* LHTextView */ = {
			isa = PBXGroup;
			children = (
				7CB505B71FF01BA500480336 /* AppDelegate.swift */,
				7CB505B91FF01BA500480336 /* ViewController.swift */,
				7CB505BB1FF01BA500480336 /* Main.storyboard */,
				7CB505BE1FF01BA500480336 /* Assets.xcassets */,
				7CB505C01FF01BA500480336 /* LaunchScreen.storyboard */,
				7CB505C31FF01BA500480336 /* Info.plist */,
				7CB505C91FF01BBB00480336 /* LHTextView.swift */,
			);
			path = LHTextView;
			sourceTree = "<group>";
		};
/* End PBXGroup section */

/* Begin PBXNativeTarget section */
		7CB505B31FF01BA500480336 /* LHTextView */ = {
			isa = PBXNativeTarget;
			buildConfigurationList = 7CB505C61FF01BA500480336 /* Build configuration list for PBXNativeTarget "LHTextView" */;
			buildPhases = (
				7CB505B01FF01BA500480336 /* Sources */,
				7CB505B11FF01BA500480336 /* Frameworks */,
				7CB505B21FF01BA500480336 /* Resources */,
			);
			buildRules = (
			);
			dependencies = (
			);
			name = LHTextView;
			productName = LHTextView;
			productReference = 7CB505B41FF01BA500480336 /* LHTextView.app */;
			productType = "com.apple.product-type.application";
		};
/* End PBXNativeTarget section */

/* Begin PBXProject section */
		7CB505AC1FF01BA500480336 /* Project object */ = {
			isa = PBXProject;
			attributes = {
				LastSwiftUpdateCheck = 0920;
				LastUpgradeCheck = 0920;
				ORGANIZATIONNAME = "Long Hoàng";
				TargetAttributes = {
					7CB505B31FF01BA500480336 = {
						CreatedOnToolsVersion = 9.2;
						ProvisioningStyle = Automatic;
					};
				};
			};
			buildConfigurationList = 7CB505AF1FF01BA500480336 /* Build configuration list for PBXProject "LHTextView" */;
			compatibilityVersion = "Xcode 8.0";
			developmentRegion = en;
			hasScannedForEncodings = 0;
			knownRegions = (
				en,
				Base,
			);
			mainGroup = 7CB505AB1FF01BA500480336;
			productRefGroup = 7CB505B51FF01BA500480336 /* Products */;
			projectDirPath = "";
			projectRoot = "";
			targets = (
				7CB505B31FF01BA500480336 /* LHTextView */,
			);
		};
/* End PBXProject section */

/* Begin PBXResourcesBuildPhase section */
		7CB505B21FF01BA500480336 /* Resources */ = {
			isa = PBXResourcesBuildPhase;
			buildActionMask = 2147483647;
			files = (
				7CB505C21FF01BA500480336 /* LaunchScreen.storyboard in Resources */,
				7CB505BF1FF01BA500480336 /* Assets.xcassets in Resources */,
				7CB505BD1FF01BA500480336 /* Main.storyboard in Resources */,
			);
			runOnlyForDeploymentPostprocessing = 0;
		};
/* End PBXResourcesBuildPhase section */

/* Begin PBXSourcesBuildPhase section */
		7CB505B01FF01BA500480336 /* Sources */ = {
			isa = PBXSourcesBuildPhase;
			buildActionMask = 2147483647;
			files = (
				7CB505CA1FF01BBB00480336 /* LHTextView.swift in Sources */,
				7CB505BA1FF01BA500480336 /* ViewController.swift in Sources */,
				7CB505B81FF01BA500480336 /* AppDelegate.swift in Sources */,
			);
			runOnlyForDeploymentPostprocessing = 0;
		};
/* End PBXSourcesBuildPhase section */

/* Begin PBXVariantGroup section */
		7CB505BB1FF01BA500480336 /* Main.storyboard */ = {
			isa = PBXVariantGroup;
			children = (
				7CB505BC1FF01BA500480336 /* Base */,
			);
			name = Main.storyboard;
			sourceTree = "<group>";
		};
		7CB505C01FF01BA500480336 /* LaunchScreen.storyboard */ = {
			isa = PBXVariantGroup;
			children = (
				7CB505C11FF01BA500480336 /* Base */,
			);
			name = LaunchScreen.storyboard;
			sourceTree = "<group>";
		};
/* End PBXVariantGroup section */

/* Begin XCBuildConfiguration section */
		7CB505C41FF01BA500480336 /* Debug */ = {
			isa = XCBuildConfiguration;
			buildSettings = {
				ALWAYS_SEARCH_USER_PATHS = NO;
				CLANG_ANALYZER_NONNULL = YES;
				CLANG_ANALYZER_NUMBER_OBJECT_CONVERSION = YES_AGGRESSIVE;
				CLANG_CXX_LANGUAGE_STANDARD = "gnu++14";
				CLANG_CXX_LIBRARY = "libc++";
				CLANG_ENABLE_MODULES = YES;
				CLANG_ENABLE_OBJC_ARC = YES;
				CLANG_WARN_BLOCK_CAPTURE_AUTORELEASING = YES;
				CLANG_WARN_BOOL_CONVERSION = YES;
				CLANG_WARN_COMMA = YES;
				CLANG_WARN_CONSTANT_CONVERSION = YES;
				CLANG_WARN_DIRECT_OBJC_ISA_USAGE = YES_ERROR;
				CLANG_WARN_DOCUMENTATION_COMMENTS = YES;
				CLANG_WARN_EMPTY_BODY = YES;
				CLANG_WARN_ENUM_CONVERSION = YES;
				CLANG_WARN_INFINITE_RECURSION = YES;
				CLANG_WARN_INT_CONVERSION = YES;
				CLANG_WARN_NON_LITERAL_NULL_CONVERSION = YES;
				CLANG_WARN_OBJC_LITERAL_CONVERSION = YES;
				CLANG_WARN_OBJC_ROOT_CLASS = YES_ERROR;
				CLANG_WARN_RANGE_LOOP_ANALYSIS = YES;
				CLANG_WARN_STRICT_PROTOTYPES = YES;
				CLANG_WARN_SUSPICIOUS_MOVE = YES;
				CLANG_WARN_UNGUARDED_AVAILABILITY = YES_AGGRESSIVE;
				CLANG_WARN_UNREACHABLE_CODE = YES;
				CLANG_WARN__DUPLICATE_METHOD_MATCH = YES;
				CODE_SIGN_IDENTITY = "iPhone Developer";
				COPY_PHASE_STRIP = NO;
				DEBUG_INFORMATION_FORMAT = dwarf;
				ENABLE_STRICT_OBJC_MSGSEND = YES;
				ENABLE_TESTABILITY = YES;
				GCC_C_LANGUAGE_STANDARD = gnu11;
				GCC_DYNAMIC_NO_PIC = NO;
				GCC_NO_COMMON_BLOCKS = YES;
				GCC_OPTIMIZATION_LEVEL = 0;
				GCC_PREPROCESSOR_DEFINITIONS = (
					"DEBUG=1",
					"$(inherited)",
				);
				GCC_WARN_64_TO_32_BIT_CONVERSION = YES;
				GCC_WARN_ABOUT_RETURN_TYPE = YES_ERROR;
				GCC_WARN_UNDECLARED_SELECTOR = YES;
				GCC_WARN_UNINITIALIZED_AUTOS = YES_AGGRESSIVE;
				GCC_WARN_UNUSED_FUNCTION = YES;
				GCC_WARN_UNUSED_VARIABLE = YES;
				IPHONEOS_DEPLOYMENT_TARGET = 11.2;
				MTL_ENABLE_DEBUG_INFO = YES;
				ONLY_ACTIVE_ARCH = YES;
				SDKROOT = iphoneos;
				SWIFT_ACTIVE_COMPILATION_CONDITIONS = DEBUG;
				SWIFT_OPTIMIZATION_LEVEL = "-Onone";
			};
			name = Debug;
		};
		7CB505C51FF01BA500480336 /* Release */ = {
			isa = XCBuildConfiguration;
			buildSettings = {
				ALWAYS_SEARCH_USER_PATHS = NO;
				CLANG_ANALYZER_NONNULL = YES;
				CLANG_ANALYZER_NUMBER_OBJECT_CONVERSION = YES_AGGRESSIVE;
				CLANG_CXX_LANGUAGE_STANDARD = "gnu++14";
				CLANG_CXX_LIBRARY = "libc++";
				CLANG_ENABLE_MODULES = YES;
				CLANG_ENABLE_OBJC_ARC = YES;
				CLANG_WARN_BLOCK_CAPTURE_AUTORELEASING = YES;
				CLANG_WARN_BOOL_CONVERSION = YES;
				CLANG_WARN_COMMA = YES;
				CLANG_WARN_CONSTANT_CONVERSION = YES;
				CLANG_WARN_DIRECT_OBJC_ISA_USAGE = YES_ERROR;
				CLANG_WARN_DOCUMENTATION_COMMENTS = YES;
				CLANG_WARN_EMPTY_BODY = YES;
				CLANG_WARN_ENUM_CONVERSION = YES;
				CLANG_WARN_INFINITE_RECURSION = YES;
				CLANG_WARN_INT_CONVERSION = YES;
				CLANG_WARN_NON_LITERAL_NULL_CONVERSION = YES;
				CLANG_WARN_OBJC_LITERAL_CONVERSION = YES;
				CLANG_WARN_OBJC_ROOT_CLASS = YES_ERROR;
				CLANG_WARN_RANGE_LOOP_ANALYSIS = YES;
				CLANG_WARN_STRICT_PROTOTYPES = YES;
				CLANG_WARN_SUSPICIOUS_MOVE = YES;
				CLANG_WARN_UNGUARDED_AVAILABILITY = YES_AGGRESSIVE;
				CLANG_WARN_UNREACHABLE_CODE = YES;
				CLANG_WARN__DUPLICATE_METHOD_MATCH = YES;
				CODE_SIGN_IDENTITY = "iPhone Developer";
				COPY_PHASE_STRIP = NO;
				DEBUG_INFORMATION_FORMAT = "dwarf-with-dsym";
				ENABLE_NS_ASSERTIONS = NO;
				ENABLE_STRICT_OBJC_MSGSEND = YES;
				GCC_C_LANGUAGE_STANDARD = gnu11;
				GCC_NO_COMMON_BLOCKS = YES;
				GCC_WARN_64_TO_32_BIT_CONVERSION = YES;
				GCC_WARN_ABOUT_RETURN_TYPE = YES_ERROR;
				GCC_WARN_UNDECLARED_SELECTOR = YES;
				GCC_WARN_UNINITIALIZED_AUTOS = YES_AGGRESSIVE;
				GCC_WARN_UNUSED_FUNCTION = YES;
				GCC_WARN_UNUSED_VARIABLE = YES;
				IPHONEOS_DEPLOYMENT_TARGET = 11.2;
				MTL_ENABLE_DEBUG_INFO = NO;
				SDKROOT = iphoneos;
				SWIFT_OPTIMIZATION_LEVEL = "-Owholemodule";
				VALIDATE_PRODUCT = YES;
			};
			name = Release;
		};
		7CB505C71FF01BA500480336 /* Debug */ = {
			isa = XCBuildConfiguration;
			buildSettings = {
				ASSETCATALOG_COMPILER_APPICON_NAME = AppIcon;
				CODE_SIGN_STYLE = Automatic;
				DEVELOPMENT_TEAM = GBRMF3XZ9K;
				INFOPLIST_FILE = LHTextView/Info.plist;
				IPHONEOS_DEPLOYMENT_TARGET = 10.0;
				LD_RUNPATH_SEARCH_PATHS = "$(inherited) @executable_path/Frameworks";
				PRODUCT_BUNDLE_IDENTIFIER = com.longhoang.LHTextView;
				PRODUCT_NAME = "$(TARGET_NAME)";
				SWIFT_VERSION = 4.0;
				TARGETED_DEVICE_FAMILY = 1;
			};
			name = Debug;
		};
		7CB505C81FF01BA500480336 /* Release */ = {
			isa = XCBuildConfiguration;
			buildSettings = {
				ASSETCATALOG_COMPILER_APPICON_NAME = AppIcon;
				CODE_SIGN_STYLE = Automatic;
				DEVELOPMENT_TEAM = GBRMF3XZ9K;
				INFOPLIST_FILE = LHTextView/Info.plist;
				IPHONEOS_DEPLOYMENT_TARGET = 10.0;
				LD_RUNPATH_SEARCH_PATHS = "$(inherited) @executable_path/Frameworks";
				PRODUCT_BUNDLE_IDENTIFIER = com.longhoang.LHTextView;
				PRODUCT_NAME = "$(TARGET_NAME)";
				SWIFT_VERSION = 4.0;
				TARGETED_DEVICE_FAMILY = 1;
			};
			name = Release;
		};
/* End XCBuildConfiguration section */

/* Begin XCConfigurationList section */
		7CB505AF1FF01BA500480336 /* Build configuration list for PBXProject "LHTextView" */ = {
			isa = XCConfigurationList;
			buildConfigurations = (
				7CB505C41FF01BA500480336 /* Debug */,
				7CB505C51FF01BA500480336 /* Release */,
			);
			defaultConfigurationIsVisible = 0;
			defaultConfigurationName = Release;
		};
		7CB505C61FF01BA500480336 /* Build configuration list for PBXNativeTarget "LHTextView" */ = {
			isa = XCConfigurationList;
			buildConfigurations = (
				7CB505C71FF01BA500480336 /* Debug */,
				7CB505C81FF01BA500480336 /* Release */,
			);
			defaultConfigurationIsVisible = 0;
			defaultConfigurationName = Release;
		};
/* End XCConfigurationList section */
	};
	rootObject = 7CB505AC1FF01BA500480336 /* Project object */;
}
